// !$*UTF8*$!
{
	archiveVersion = 1;
	classes = {
	};
	objectVersion = 50;
	objects = {

/* Begin PBXBuildFile section */
		6D471AF925F3754F00685B62 /* AppDelegate.swift in Sources */ = {isa = PBXBuildFile; fileRef = 6D471AF825F3754F00685B62 /* AppDelegate.swift */; };
		6D471AFB25F3755000685B62 /* Assets.xcassets in Resources */ = {isa = PBXBuildFile; fileRef = 6D471AFA25F3755000685B62 /* Assets.xcassets */; };
		6D471AFE25F3755000685B62 /* MainMenu.xib in Resources */ = {isa = PBXBuildFile; fileRef = 6D471AFC25F3755000685B62 /* MainMenu.xib */; };
		6D471B1A25F4122800685B62 /* OverlayViewController.swift in Sources */ = {isa = PBXBuildFile; fileRef = 6D471B1925F4122800685B62 /* OverlayViewController.swift */; };
		6D471B1D25F4124A00685B62 /* KeyCombinationView.swift in Sources */ = {isa = PBXBuildFile; fileRef = 6D471B1C25F4124A00685B62 /* KeyCombinationView.swift */; };
		6D471B2025F4125300685B62 /* KeyView.swift in Sources */ = {isa = PBXBuildFile; fileRef = 6D471B1F25F4125300685B62 /* KeyView.swift */; };
/* End PBXBuildFile section */

/* Begin PBXFileReference section */
		6D471AF525F3754F00685B62 /* Exposition.app */ = {isa = PBXFileReference; explicitFileType = wrapper.application; includeInIndex = 0; path = Exposition.app; sourceTree = BUILT_PRODUCTS_DIR; };
		6D471AF825F3754F00685B62 /* AppDelegate.swift */ = {isa = PBXFileReference; lastKnownFileType = sourcecode.swift; path = AppDelegate.swift; sourceTree = "<group>"; };
		6D471AFA25F3755000685B62 /* Assets.xcassets */ = {isa = PBXFileReference; lastKnownFileType = folder.assetcatalog; path = Assets.xcassets; sourceTree = "<group>"; };
		6D471AFD25F3755000685B62 /* Base */ = {isa = PBXFileReference; lastKnownFileType = file.xib; name = Base; path = Base.lproj/MainMenu.xib; sourceTree = "<group>"; };
		6D471AFF25F3755000685B62 /* Info.plist */ = {isa = PBXFileReference; lastKnownFileType = text.plist.xml; path = Info.plist; sourceTree = "<group>"; };
		6D471B0025F3755000685B62 /* Exposition.entitlements */ = {isa = PBXFileReference; lastKnownFileType = text.plist.entitlements; path = Exposition.entitlements; sourceTree = "<group>"; };
		6D471B1925F4122800685B62 /* OverlayViewController.swift */ = {isa = PBXFileReference; lastKnownFileType = sourcecode.swift; path = OverlayViewController.swift; sourceTree = "<group>"; };
		6D471B1C25F4124A00685B62 /* KeyCombinationView.swift */ = {isa = PBXFileReference; lastKnownFileType = sourcecode.swift; path = KeyCombinationView.swift; sourceTree = "<group>"; };
		6D471B1F25F4125300685B62 /* KeyView.swift */ = {isa = PBXFileReference; lastKnownFileType = sourcecode.swift; path = KeyView.swift; sourceTree = "<group>"; };
/* End PBXFileReference section */

/* Begin PBXFrameworksBuildPhase section */
		6D471AF225F3754F00685B62 /* Frameworks */ = {
			isa = PBXFrameworksBuildPhase;
			buildActionMask = 2147483647;
			files = (
			);
			runOnlyForDeploymentPostprocessing = 0;
		};
/* End PBXFrameworksBuildPhase section */

/* Begin PBXGroup section */
		6D471AEC25F3754F00685B62 = {
			isa = PBXGroup;
			children = (
				6D471AF725F3754F00685B62 /* Exposition */,
				6D471AF625F3754F00685B62 /* Products */,
			);
			sourceTree = "<group>";
		};
		6D471AF625F3754F00685B62 /* Products */ = {
			isa = PBXGroup;
			children = (
				6D471AF525F3754F00685B62 /* Exposition.app */,
			);
			name = Products;
			sourceTree = "<group>";
		};
		6D471AF725F3754F00685B62 /* Exposition */ = {
			isa = PBXGroup;
			children = (
				6D471AF825F3754F00685B62 /* AppDelegate.swift */,
				6D471B1825F4120C00685B62 /* Views */,
				6D471AFA25F3755000685B62 /* Assets.xcassets */,
				6D471AFC25F3755000685B62 /* MainMenu.xib */,
				6D471AFF25F3755000685B62 /* Info.plist */,
				6D471B0025F3755000685B62 /* Exposition.entitlements */,
			);
			path = Exposition;
			sourceTree = "<group>";
		};
		6D471B1825F4120C00685B62 /* Views */ = {
			isa = PBXGroup;
			children = (
				6D471B1925F4122800685B62 /* OverlayViewController.swift */,
				6D471B1C25F4124A00685B62 /* KeyCombinationView.swift */,
				6D471B1F25F4125300685B62 /* KeyView.swift */,
			);
			path = Views;
			sourceTree = "<group>";
		};
/* End PBXGroup section */

/* Begin PBXNativeTarget section */
		6D471AF425F3754F00685B62 /* Exposition */ = {
			isa = PBXNativeTarget;
			buildConfigurationList = 6D471B0325F3755000685B62 /* Build configuration list for PBXNativeTarget "Exposition" */;
			buildPhases = (
				6D471AF125F3754F00685B62 /* Sources */,
				6D471AF225F3754F00685B62 /* Frameworks */,
				6D471AF325F3754F00685B62 /* Resources */,
			);
			buildRules = (
			);
			dependencies = (
			);
			name = Exposition;
			productName = Exposition;
			productReference = 6D471AF525F3754F00685B62 /* Exposition.app */;
			productType = "com.apple.product-type.application";
		};
/* End PBXNativeTarget section */

/* Begin PBXProject section */
		6D471AED25F3754F00685B62 /* Project object */ = {
			isa = PBXProject;
			attributes = {
				LastSwiftUpdateCheck = 1240;
				LastUpgradeCheck = 1240;
				TargetAttributes = {
					6D471AF425F3754F00685B62 = {
						CreatedOnToolsVersion = 12.4;
					};
				};
			};
			buildConfigurationList = 6D471AF025F3754F00685B62 /* Build configuration list for PBXProject "Exposition" */;
			compatibilityVersion = "Xcode 9.3";
			developmentRegion = en;
			hasScannedForEncodings = 0;
			knownRegions = (
				en,
				Base,
			);
			mainGroup = 6D471AEC25F3754F00685B62;
			productRefGroup = 6D471AF625F3754F00685B62 /* Products */;
			projectDirPath = "";
			projectRoot = "";
			targets = (
				6D471AF425F3754F00685B62 /* Exposition */,
			);
		};
/* End PBXProject section */

/* Begin PBXResourcesBuildPhase section */
		6D471AF325F3754F00685B62 /* Resources */ = {
			isa = PBXResourcesBuildPhase;
			buildActionMask = 2147483647;
			files = (
				6D471AFB25F3755000685B62 /* Assets.xcassets in Resources */,
				6D471AFE25F3755000685B62 /* MainMenu.xib in Resources */,
			);
			runOnlyForDeploymentPostprocessing = 0;
		};
/* End PBXResourcesBuildPhase section */

/* Begin PBXSourcesBuildPhase section */
		6D471AF125F3754F00685B62 /* Sources */ = {
			isa = PBXSourcesBuildPhase;
			buildActionMask = 2147483647;
			files = (
				6D471B2025F4125300685B62 /* KeyView.swift in Sources */,
				6D471AF925F3754F00685B62 /* AppDelegate.swift in Sources */,
				6D471B1A25F4122800685B62 /* OverlayViewController.swift in Sources */,
				6D471B1D25F4124A00685B62 /* KeyCombinationView.swift in Sources */,
			);
			runOnlyForDeploymentPostprocessing = 0;
		};
/* End PBXSourcesBuildPhase section */

/* Begin PBXVariantGroup section */
		6D471AFC25F3755000685B62 /* MainMenu.xib */ = {
			isa = PBXVariantGroup;
			children = (
				6D471AFD25F3755000685B62 /* Base */,
			);
			name = MainMenu.xib;
			sourceTree = "<group>";
		};
/* End PBXVariantGroup section */

/* Begin XCBuildConfiguration section */
		6D471B0125F3755000685B62 /* Debug */ = {
			isa = XCBuildConfiguration;
			buildSettings = {
				ALWAYS_SEARCH_USER_PATHS = NO;
				CLANG_ANALYZER_NONNULL = YES;
				CLANG_ANALYZER_NUMBER_OBJECT_CONVERSION = YES_AGGRESSIVE;
				CLANG_CXX_LANGUAGE_STANDARD = "gnu++14";
				CLANG_CXX_LIBRARY = "libc++";
				CLANG_ENABLE_MODULES = YES;
				CLANG_ENABLE_OBJC_ARC = YES;
				CLANG_ENABLE_OBJC_WEAK = YES;
				CLANG_WARN_BLOCK_CAPTURE_AUTORELEASING = YES;
				CLANG_WARN_BOOL_CONVERSION = YES;
				CLANG_WARN_COMMA = YES;
				CLANG_WARN_CONSTANT_CONVERSION = YES;
				CLANG_WARN_DEPRECATED_OBJC_IMPLEMENTATIONS = YES;
				CLANG_WARN_DIRECT_OBJC_ISA_USAGE = YES_ERROR;
				CLANG_WARN_DOCUMENTATION_COMMENTS = YES;
				CLANG_WARN_EMPTY_BODY = YES;
				CLANG_WARN_ENUM_CONVERSION = YES;
				CLANG_WARN_INFINITE_RECURSION = YES;
				CLANG_WARN_INT_CONVERSION = YES;
				CLANG_WARN_NON_LITERAL_NULL_CONVERSION = YES;
				CLANG_WARN_OBJC_IMPLICIT_RETAIN_SELF = YES;
				CLANG_WARN_OBJC_LITERAL_CONVERSION = YES;
				CLANG_WARN_OBJC_ROOT_CLASS = YES_ERROR;
				CLANG_WARN_QUOTED_INCLUDE_IN_FRAMEWORK_HEADER = YES;
				CLANG_WARN_RANGE_LOOP_ANALYSIS = YES;
				CLANG_WARN_STRICT_PROTOTYPES = YES;
				CLANG_WARN_SUSPICIOUS_MOVE = YES;
				CLANG_WARN_UNGUARDED_AVAILABILITY = YES_AGGRESSIVE;
				CLANG_WARN_UNREACHABLE_CODE = YES;
				CLANG_WARN__DUPLICATE_METHOD_MATCH = YES;
				COPY_PHASE_STRIP = NO;
				DEBUG_INFORMATION_FORMAT = dwarf;
				ENABLE_STRICT_OBJC_MSGSEND = YES;
				ENABLE_TESTABILITY = YES;
				GCC_C_LANGUAGE_STANDARD = gnu11;
				GCC_DYNAMIC_NO_PIC = NO;
				GCC_NO_COMMON_BLOCKS = YES;
				GCC_OPTIMIZATION_LEVEL = 0;
				GCC_PREPROCESSOR_DEFINITIONS = (
					"DEBUG=1",
					"$(inherited)",
				);
				GCC_WARN_64_TO_32_BIT_CONVERSION = YES;
				GCC_WARN_ABOUT_RETURN_TYPE = YES_ERROR;
				GCC_WARN_UNDECLARED_SELECTOR = YES;
				GCC_WARN_UNINITIALIZED_AUTOS = YES_AGGRESSIVE;
				GCC_WARN_UNUSED_FUNCTION = YES;
				GCC_WARN_UNUSED_VARIABLE = YES;
				MACOSX_DEPLOYMENT_TARGET = 11.1;
				MTL_ENABLE_DEBUG_INFO = INCLUDE_SOURCE;
				MTL_FAST_MATH = YES;
				ONLY_ACTIVE_ARCH = YES;
				SDKROOT = macosx;
				SWIFT_ACTIVE_COMPILATION_CONDITIONS = DEBUG;
				SWIFT_OPTIMIZATION_LEVEL = "-Onone";
			};
			name = Debug;
		};
		6D471B0225F3755000685B62 /* Release */ = {
			isa = XCBuildConfiguration;
			buildSettings = {
				ALWAYS_SEARCH_USER_PATHS = NO;
				CLANG_ANALYZER_NONNULL = YES;
				CLANG_ANALYZER_NUMBER_OBJECT_CONVERSION = YES_AGGRESSIVE;
				CLANG_CXX_LANGUAGE_STANDARD = "gnu++14";
				CLANG_CXX_LIBRARY = "libc++";
				CLANG_ENABLE_MODULES = YES;
				CLANG_ENABLE_OBJC_ARC = YES;
				CLANG_ENABLE_OBJC_WEAK = YES;
				CLANG_WARN_BLOCK_CAPTURE_AUTORELEASING = YES;
				CLANG_WARN_BOOL_CONVERSION = YES;
				CLANG_WARN_COMMA = YES;
				CLANG_WARN_CONSTANT_CONVERSION = YES;
				CLANG_WARN_DEPRECATED_OBJC_IMPLEMENTATIONS = YES;
				CLANG_WARN_DIRECT_OBJC_ISA_USAGE = YES_ERROR;
				CLANG_WARN_DOCUMENTATION_COMMENTS = YES;
				CLANG_WARN_EMPTY_BODY = YES;
				CLANG_WARN_ENUM_CONVERSION = YES;
				CLANG_WARN_INFINITE_RECURSION = YES;
				CLANG_WARN_INT_CONVERSION = YES;
				CLANG_WARN_NON_LITERAL_NULL_CONVERSION = YES;
				CLANG_WARN_OBJC_IMPLICIT_RETAIN_SELF = YES;
				CLANG_WARN_OBJC_LITERAL_CONVERSION = YES;
				CLANG_WARN_OBJC_ROOT_CLASS = YES_ERROR;
				CLANG_WARN_QUOTED_INCLUDE_IN_FRAMEWORK_HEADER = YES;
				CLANG_WARN_RANGE_LOOP_ANALYSIS = YES;
				CLANG_WARN_STRICT_PROTOTYPES = YES;
				CLANG_WARN_SUSPICIOUS_MOVE = YES;
				CLANG_WARN_UNGUARDED_AVAILABILITY = YES_AGGRESSIVE;
				CLANG_WARN_UNREACHABLE_CODE = YES;
				CLANG_WARN__DUPLICATE_METHOD_MATCH = YES;
				COPY_PHASE_STRIP = NO;
				DEBUG_INFORMATION_FORMAT = "dwarf-with-dsym";
				ENABLE_NS_ASSERTIONS = NO;
				ENABLE_STRICT_OBJC_MSGSEND = YES;
				GCC_C_LANGUAGE_STANDARD = gnu11;
				GCC_NO_COMMON_BLOCKS = YES;
				GCC_WARN_64_TO_32_BIT_CONVERSION = YES;
				GCC_WARN_ABOUT_RETURN_TYPE = YES_ERROR;
				GCC_WARN_UNDECLARED_SELECTOR = YES;
				GCC_WARN_UNINITIALIZED_AUTOS = YES_AGGRESSIVE;
				GCC_WARN_UNUSED_FUNCTION = YES;
				GCC_WARN_UNUSED_VARIABLE = YES;
				MACOSX_DEPLOYMENT_TARGET = 11.1;
				MTL_ENABLE_DEBUG_INFO = NO;
				MTL_FAST_MATH = YES;
				SDKROOT = macosx;
				SWIFT_COMPILATION_MODE = wholemodule;
				SWIFT_OPTIMIZATION_LEVEL = "-O";
			};
			name = Release;
		};
		6D471B0425F3755000685B62 /* Debug */ = {
			isa = XCBuildConfiguration;
			buildSettings = {
				ASSETCATALOG_COMPILER_APPICON_NAME = AppIcon;
				ASSETCATALOG_COMPILER_GLOBAL_ACCENT_COLOR_NAME = AccentColor;
				CODE_SIGN_ENTITLEMENTS = Exposition/Exposition.entitlements;
				CODE_SIGN_STYLE = Automatic;
				COMBINE_HIDPI_IMAGES = YES;
				INFOPLIST_FILE = Exposition/Info.plist;
				LD_RUNPATH_SEARCH_PATHS = (
					"$(inherited)",
					"@executable_path/../Frameworks",
				);
				PRODUCT_BUNDLE_IDENTIFIER = com.stengo.Exposition;
				PRODUCT_NAME = "$(TARGET_NAME)";
				SWIFT_VERSION = 5.0;
			};
			name = Debug;
		};
		6D471B0525F3755000685B62 /* Release */ = {
			isa = XCBuildConfiguration;
			buildSettings = {
				ASSETCATALOG_COMPILER_APPICON_NAME = AppIcon;
				ASSETCATALOG_COMPILER_GLOBAL_ACCENT_COLOR_NAME = AccentColor;
				CODE_SIGN_ENTITLEMENTS = Exposition/Exposition.entitlements;
				CODE_SIGN_STYLE = Automatic;
				COMBINE_HIDPI_IMAGES = YES;
				INFOPLIST_FILE = Exposition/Info.plist;
				LD_RUNPATH_SEARCH_PATHS = (
					"$(inherited)",
					"@executable_path/../Frameworks",
				);
				PRODUCT_BUNDLE_IDENTIFIER = com.stengo.Exposition;
				PRODUCT_NAME = "$(TARGET_NAME)";
				SWIFT_VERSION = 5.0;
			};
			name = Release;
		};
/* End XCBuildConfiguration section */

/* Begin XCConfigurationList section */
		6D471AF025F3754F00685B62 /* Build configuration list for PBXProject "Exposition" */ = {
			isa = XCConfigurationList;
			buildConfigurations = (
				6D471B0125F3755000685B62 /* Debug */,
				6D471B0225F3755000685B62 /* Release */,
			);
			defaultConfigurationIsVisible = 0;
			defaultConfigurationName = Release;
		};
		6D471B0325F3755000685B62 /* Build configuration list for PBXNativeTarget "Exposition" */ = {
			isa = XCConfigurationList;
			buildConfigurations = (
				6D471B0425F3755000685B62 /* Debug */,
				6D471B0525F3755000685B62 /* Release */,
			);
			defaultConfigurationIsVisible = 0;
			defaultConfigurationName = Release;
		};
/* End XCConfigurationList section */
	};
	rootObject = 6D471AED25F3754F00685B62 /* Project object */;
}
